{
  "name": "tatiana_math_package",
  "version": "1.0.0",
  "lockfileVersion": 3,
  "requires": true,
  "packages": {
    "": {
      "name": "tatiana_math_package",
      "version": "1.0.0",
      "license": "ISC",
      "dependencies": {
        "tatiana_math_package": "^1.0.0"
      }
    },
    "node_modules/tatiana_math_package": {
      "version": "1.0.0",
      "resolved": "https://registry.npmjs.org/tatiana_math_package/-/tatiana_math_package-1.0.0.tgz",
      "integrity": "sha512-gIArPQEN1lx8iGP6tld5laJR7XLpLzDHytTtN9NdU4LzEi5RzRJfaBRAAXovydIPH7WbSe/PZxHVeZHXgyNWSA=="
    }
  }
}
